github.com/davecgh/go-spew v1.1.0/go.mod h1:J7Y8YcW2NihsgmVo/mv3lAwl/skON4iLHjSsI+c5H38=
github.com/davecgh/go-spew v1.1.1 h1:vj9j/u1bqnvCEfJOwUhtlOARqs3+rkHYY13jYWTU97c=
github.com/davecgh/go-spew v1.1.1/go.mod h1:J7Y8YcW2NihsgmVo/mv3lAwl/skON4iLHjSsI+c5H38=
github.com/pkg/errors v0.8.1 h1:iURUrRGxPUNPdy5/HRSm+Yj6okJ6UtLINN0Q9M4+h3I=
github.com/pkg/errors v0.8.1/go.mod h1:bwawxfHBFNV+L2hUp1rHADufV3IMtnDRdf1r5NINEl0=
github.com/pmezard/go-difflib v1.0.0 h1:4DBwDE0NGyQoBHbLQYPwSUPoCMWR5BEzIk/f1lZbAQM=
github.com/pmezard/go-difflib v1.0.0/go.mod h1:iKH77koFhYxTK1pcRnkKkqfTogsbg7gZNVY4sRDYZ/4=
github.com/stretchr/objx v0.1.0/go.mod h1:HFkY916IF+rwdDfMAkV7OtwuqBVzrE8GR6GFx+wExME=
github.com/stretchr/testify v1.3.0 h1:TivCn/peBQ7UY8ooIcPgZFpTNSz0Q2U6UrFlUfqbe0Q=
github.com/stretchr/testify v1.3.0/go.mod h1:M5WIy9Dh21IEIfnGCwXGc5bZfKNJtfHm1UVUgZn+9EI=
github.com/zondax/hid v0.9.0 h1:eiT3P6vNxAEVxXMw66eZUAAnU2zD33JBkfG/EnfAKl8=
github.com/zondax/hid v0.9.0/go.mod h1:l5wttcP0jwtdLjqjMMWFVEE7d1zO0jvSPA9OPZxWpEM=
github.com/zondax/ledger-go v0.11.0 h1:EEqUh6eaZucWAaGo87G7sJiqRNJpzBZr+I9PpGgjjPg=
github.com/zondax/ledger-go v0.11.0/go.mod h1:NI6JDs8VWwgh+9Bf1vPZMm9Xufp2Q7Iwm2IzxJWzmus=
github.com/zondax/ledger-go v0.11.1-0.20200524191526-8920acd0a42f h1:YBGZHWOJksyVl8LCkD9hFrOhmOSgFp45i1vYrKeZPvA=
github.com/zondax/ledger-go v0.11.1-0.20200524191526-8920acd0a42f/go.mod h1:NI6JDs8VWwgh+9Bf1vPZMm9Xufp2Q7Iwm2IzxJWzmus=
github.com/zondax/ledger-go v0.11.1-0.20200524192414-fe19f4aec611 h1:ZWf0RWCrAN9PtTSIhiZhO9tEEpr009ZHzwHD03UL66M=
github.com/zondax/ledger-go v0.11.1-0.20200524192414-fe19f4aec611/go.mod h1:NI6JDs8VWwgh+9Bf1vPZMm9Xufp2Q7Iwm2IzxJWzmus=
github.com/zondax/ledger-go v0.11.1-0.20200524192613-fca41a5e4954 h1:UFLPabomHlaxYiN7mw8ropkwzwqfd65pWOdahpj2S94=
github.com/zondax/ledger-go v0.11.1-0.20200524192613-fca41a5e4954/go.mod h1:NI6JDs8VWwgh+9Bf1vPZMm9Xufp2Q7Iwm2IzxJWzmus=
github.com/zondax/ledger-go v0.11.1-0.20200524192734-5147fe7bf795 h1:cc+bDKd7dsxDXewHFhlPqIhpk89JV6YWiRuH5Cd8+1c=
github.com/zondax/ledger-go v0.11.1-0.20200524192734-5147fe7bf795/go.mod h1:NI6JDs8VWwgh+9Bf1vPZMm9Xufp2Q7Iwm2IzxJWzmus=
github.com/zondax/ledger-go v0.11.1-0.20200524194027-f6facd6ed0dc h1:DUii00T9T4vE63vYC1moLOh+GHvFxEQPLwvKkRM0UnQ=
github.com/zondax/ledger-go v0.11.1-0.20200524194027-f6facd6ed0dc/go.mod h1:NI6JDs8VWwgh+9Bf1vPZMm9Xufp2Q7Iwm2IzxJWzmus=
github.com/zondax/ledger-go v0.11.1-0.20200524194804-30bdd30b913c h1:+sxMLfB4+uOpAKYQSoTwLSA72Jo0iAiJZPeoCITCLsA=
github.com/zondax/ledger-go v0.11.1-0.20200524194804-30bdd30b913c/go.mod h1:NI6JDs8VWwgh+9Bf1vPZMm9Xufp2Q7Iwm2IzxJWzmus=
github.com/zondax/ledger-go v0.11.1-0.20200524195103-7b1a20be061b h1:iWTlg95SKnn/PIXelUY3lCZNBBFewNvp48fYHs3XiQ0=
github.com/zondax/ledger-go v0.11.1-0.20200524195103-7b1a20be061b/go.mod h1:NI6JDs8VWwgh+9Bf1vPZMm9Xufp2Q7Iwm2IzxJWzmus=
